// !$*UTF8*$!
{
	archiveVersion = 1;
	classes = {
	};
	objectVersion = 46;
	objects = {

/* Begin PBXBuildFile section */
		49B53F511C3DF50A00CAB237 /* main.m in Sources */ = {isa = PBXBuildFile; fileRef = 49B53F501C3DF50A00CAB237 /* main.m */; };
		49B53F541C3DF50A00CAB237 /* AppDelegate.m in Sources */ = {isa = PBXBuildFile; fileRef = 49B53F531C3DF50A00CAB237 /* AppDelegate.m */; };
		49B53F571C3DF50A00CAB237 /* ViewController.m in Sources */ = {isa = PBXBuildFile; fileRef = 49B53F561C3DF50A00CAB237 /* ViewController.m */; };
		49B53F5A1C3DF50A00CAB237 /* Main.storyboard in Resources */ = {isa = PBXBuildFile; fileRef = 49B53F581C3DF50A00CAB237 /* Main.storyboard */; };
		49B53F5C1C3DF50A00CAB237 /* Assets.xcassets in Resources */ = {isa = PBXBuildFile; fileRef = 49B53F5B1C3DF50A00CAB237 /* Assets.xcassets */; };
		49B53F5F1C3DF50A00CAB237 /* LaunchScreen.storyboard in Resources */ = {isa = PBXBuildFile; fileRef = 49B53F5D1C3DF50A00CAB237 /* LaunchScreen.storyboard */; };
		49B53F681C3DF57500CAB237 /* UITextField+toolbar.m in Sources */ = {isa = PBXBuildFile; fileRef = 49B53F671C3DF57500CAB237 /* UITextField+toolbar.m */; };
		49B53F761C3DF67500CAB237 /* leftarrow_gray.png in Resources */ = {isa = PBXBuildFile; fileRef = 49B53F6A1C3DF67500CAB237 /* leftarrow_gray.png */; };
		49B53F771C3DF67500CAB237 /* leftarrow_gray@2x.png in Resources */ = {isa = PBXBuildFile; fileRef = 49B53F6B1C3DF67500CAB237 /* leftarrow_gray@2x.png */; };
		49B53F781C3DF67500CAB237 /* leftarrow_gray@3x.png in Resources */ = {isa = PBXBuildFile; fileRef = 49B53F6C1C3DF67500CAB237 /* leftarrow_gray@3x.png */; };
		49B53F791C3DF67500CAB237 /* leftarrow.png in Resources */ = {isa = PBXBuildFile; fileRef = 49B53F6D1C3DF67500CAB237 /* leftarrow.png */; };
		49B53F7A1C3DF67500CAB237 /* leftarrow@2x.png in Resources */ = {isa = PBXBuildFile; fileRef = 49B53F6E1C3DF67500CAB237 /* leftarrow@2x.png */; };
		49B53F7B1C3DF67500CAB237 /* leftarrow@3x.png in Resources */ = {isa = PBXBuildFile; fileRef = 49B53F6F1C3DF67500CAB237 /* leftarrow@3x.png */; };
		49B53F7C1C3DF67500CAB237 /* rightarrow_gray.png in Resources */ = {isa = PBXBuildFile; fileRef = 49B53F701C3DF67500CAB237 /* rightarrow_gray.png */; };
		49B53F7D1C3DF67500CAB237 /* rightarrow_gray@2x.png in Resources */ = {isa = PBXBuildFile; fileRef = 49B53F711C3DF67500CAB237 /* rightarrow_gray@2x.png */; };
		49B53F7E1C3DF67500CAB237 /* rightarrow_gray@3x.png in Resources */ = {isa = PBXBuildFile; fileRef = 49B53F721C3DF67500CAB237 /* rightarrow_gray@3x.png */; };
		49B53F7F1C3DF67500CAB237 /* rightarrow.png in Resources */ = {isa = PBXBuildFile; fileRef = 49B53F731C3DF67500CAB237 /* rightarrow.png */; };
		49B53F801C3DF67500CAB237 /* rightarrow@2x.png in Resources */ = {isa = PBXBuildFile; fileRef = 49B53F741C3DF67500CAB237 /* rightarrow@2x.png */; };
		49B53F811C3DF67500CAB237 /* rightarrow@3x.png in Resources */ = {isa = PBXBuildFile; fileRef = 49B53F751C3DF67500CAB237 /* rightarrow@3x.png */; };
/* End PBXBuildFile section */

/* Begin PBXFileReference section */
		49B53F4C1C3DF50A00CAB237 /* SimpleToolbar.app */ = {isa = PBXFileReference; explicitFileType = wrapper.application; includeInIndex = 0; path = SimpleToolbar.app; sourceTree = BUILT_PRODUCTS_DIR; };
		49B53F501C3DF50A00CAB237 /* main.m */ = {isa = PBXFileReference; lastKnownFileType = sourcecode.c.objc; path = main.m; sourceTree = "<group>"; };
		49B53F521C3DF50A00CAB237 /* AppDelegate.h */ = {isa = PBXFileReference; lastKnownFileType = sourcecode.c.h; path = AppDelegate.h; sourceTree = "<group>"; };
		49B53F531C3DF50A00CAB237 /* AppDelegate.m */ = {isa = PBXFileReference; lastKnownFileType = sourcecode.c.objc; path = AppDelegate.m; sourceTree = "<group>"; };
		49B53F551C3DF50A00CAB237 /* ViewController.h */ = {isa = PBXFileReference; lastKnownFileType = sourcecode.c.h; path = ViewController.h; sourceTree = "<group>"; };
		49B53F561C3DF50A00CAB237 /* ViewController.m */ = {isa = PBXFileReference; lastKnownFileType = sourcecode.c.objc; path = ViewController.m; sourceTree = "<group>"; };
		49B53F591C3DF50A00CAB237 /* Base */ = {isa = PBXFileReference; lastKnownFileType = file.storyboard; name = Base; path = Base.lproj/Main.storyboard; sourceTree = "<group>"; };
		49B53F5B1C3DF50A00CAB237 /* Assets.xcassets */ = {isa = PBXFileReference; lastKnownFileType = folder.assetcatalog; path = Assets.xcassets; sourceTree = "<group>"; };
		49B53F5E1C3DF50A00CAB237 /* Base */ = {isa = PBXFileReference; lastKnownFileType = file.storyboard; name = Base; path = Base.lproj/LaunchScreen.storyboard; sourceTree = "<group>"; };
		49B53F601C3DF50A00CAB237 /* Info.plist */ = {isa = PBXFileReference; lastKnownFileType = text.plist.xml; path = Info.plist; sourceTree = "<group>"; };
		49B53F661C3DF57500CAB237 /* UITextField+toolbar.h */ = {isa = PBXFileReference; fileEncoding = 4; lastKnownFileType = sourcecode.c.h; path = "UITextField+toolbar.h"; sourceTree = "<group>"; };
		49B53F671C3DF57500CAB237 /* UITextField+toolbar.m */ = {isa = PBXFileReference; fileEncoding = 4; lastKnownFileType = sourcecode.c.objc; path = "UITextField+toolbar.m"; sourceTree = "<group>"; };
		49B53F6A1C3DF67500CAB237 /* leftarrow_gray.png */ = {isa = PBXFileReference; lastKnownFileType = image.png; path = leftarrow_gray.png; sourceTree = "<group>"; };
		49B53F6B1C3DF67500CAB237 /* leftarrow_gray@2x.png */ = {isa = PBXFileReference; lastKnownFileType = image.png; path = "leftarrow_gray@2x.png"; sourceTree = "<group>"; };
		49B53F6C1C3DF67500CAB237 /* leftarrow_gray@3x.png */ = {isa = PBXFileReference; lastKnownFileType = image.png; path = "leftarrow_gray@3x.png"; sourceTree = "<group>"; };
		49B53F6D1C3DF67500CAB237 /* leftarrow.png */ = {isa = PBXFileReference; lastKnownFileType = image.png; path = leftarrow.png; sourceTree = "<group>"; };
		49B53F6E1C3DF67500CAB237 /* leftarrow@2x.png */ = {isa = PBXFileReference; lastKnownFileType = image.png; path = "leftarrow@2x.png"; sourceTree = "<group>"; };
		49B53F6F1C3DF67500CAB237 /* leftarrow@3x.png */ = {isa = PBXFileReference; lastKnownFileType = image.png; path = "leftarrow@3x.png"; sourceTree = "<group>"; };
		49B53F701C3DF67500CAB237 /* rightarrow_gray.png */ = {isa = PBXFileReference; lastKnownFileType = image.png; path = rightarrow_gray.png; sourceTree = "<group>"; };
		49B53F711C3DF67500CAB237 /* rightarrow_gray@2x.png */ = {isa = PBXFileReference; lastKnownFileType = image.png; path = "rightarrow_gray@2x.png"; sourceTree = "<group>"; };
		49B53F721C3DF67500CAB237 /* rightarrow_gray@3x.png */ = {isa = PBXFileReference; lastKnownFileType = image.png; path = "rightarrow_gray@3x.png"; sourceTree = "<group>"; };
		49B53F731C3DF67500CAB237 /* rightarrow.png */ = {isa = PBXFileReference; lastKnownFileType = image.png; path = rightarrow.png; sourceTree = "<group>"; };
		49B53F741C3DF67500CAB237 /* rightarrow@2x.png */ = {isa = PBXFileReference; lastKnownFileType = image.png; path = "rightarrow@2x.png"; sourceTree = "<group>"; };
		49B53F751C3DF67500CAB237 /* rightarrow@3x.png */ = {isa = PBXFileReference; lastKnownFileType = image.png; path = "rightarrow@3x.png"; sourceTree = "<group>"; };
/* End PBXFileReference section */

/* Begin PBXFrameworksBuildPhase section */
		49B53F491C3DF50A00CAB237 /* Frameworks */ = {
			isa = PBXFrameworksBuildPhase;
			buildActionMask = 2147483647;
			files = (
			);
			runOnlyForDeploymentPostprocessing = 0;
		};
/* End PBXFrameworksBuildPhase section */

/* Begin PBXGroup section */
		49B53F431C3DF50A00CAB237 = {
			isa = PBXGroup;
			children = (
				49B53F4E1C3DF50A00CAB237 /* SimpleToolbar */,
				49B53F4D1C3DF50A00CAB237 /* Products */,
			);
			sourceTree = "<group>";
		};
		49B53F4D1C3DF50A00CAB237 /* Products */ = {
			isa = PBXGroup;
			children = (
				49B53F4C1C3DF50A00CAB237 /* SimpleToolbar.app */,
			);
			name = Products;
			sourceTree = "<group>";
		};
		49B53F4E1C3DF50A00CAB237 /* SimpleToolbar */ = {
			isa = PBXGroup;
			children = (
				49B53F691C3DF66100CAB237 /* image */,
				49B53F521C3DF50A00CAB237 /* AppDelegate.h */,
				49B53F531C3DF50A00CAB237 /* AppDelegate.m */,
				49B53F551C3DF50A00CAB237 /* ViewController.h */,
				49B53F561C3DF50A00CAB237 /* ViewController.m */,
				49B53F661C3DF57500CAB237 /* UITextField+toolbar.h */,
				49B53F671C3DF57500CAB237 /* UITextField+toolbar.m */,
				49B53F581C3DF50A00CAB237 /* Main.storyboard */,
				49B53F5B1C3DF50A00CAB237 /* Assets.xcassets */,
				49B53F5D1C3DF50A00CAB237 /* LaunchScreen.storyboard */,
				49B53F601C3DF50A00CAB237 /* Info.plist */,
				49B53F4F1C3DF50A00CAB237 /* Supporting Files */,
			);
			path = SimpleToolbar;
			sourceTree = "<group>";
		};
		49B53F4F1C3DF50A00CAB237 /* Supporting Files */ = {
			isa = PBXGroup;
			children = (
				49B53F501C3DF50A00CAB237 /* main.m */,
			);
			name = "Supporting Files";
			sourceTree = "<group>";
		};
		49B53F691C3DF66100CAB237 /* image */ = {
			isa = PBXGroup;
			children = (
				49B53F6A1C3DF67500CAB237 /* leftarrow_gray.png */,
				49B53F6B1C3DF67500CAB237 /* leftarrow_gray@2x.png */,
				49B53F6C1C3DF67500CAB237 /* leftarrow_gray@3x.png */,
				49B53F6D1C3DF67500CAB237 /* leftarrow.png */,
				49B53F6E1C3DF67500CAB237 /* leftarrow@2x.png */,
				49B53F6F1C3DF67500CAB237 /* leftarrow@3x.png */,
				49B53F701C3DF67500CAB237 /* rightarrow_gray.png */,
				49B53F711C3DF67500CAB237 /* rightarrow_gray@2x.png */,
				49B53F721C3DF67500CAB237 /* rightarrow_gray@3x.png */,
				49B53F731C3DF67500CAB237 /* rightarrow.png */,
				49B53F741C3DF67500CAB237 /* rightarrow@2x.png */,
				49B53F751C3DF67500CAB237 /* rightarrow@3x.png */,
			);
			name = image;
			sourceTree = "<group>";
		};
/* End PBXGroup section */

/* Begin PBXNativeTarget section */
		49B53F4B1C3DF50A00CAB237 /* SimpleToolbar */ = {
			isa = PBXNativeTarget;
			buildConfigurationList = 49B53F631C3DF50A00CAB237 /* Build configuration list for PBXNativeTarget "SimpleToolbar" */;
			buildPhases = (
				49B53F481C3DF50A00CAB237 /* Sources */,
				49B53F491C3DF50A00CAB237 /* Frameworks */,
				49B53F4A1C3DF50A00CAB237 /* Resources */,
			);
			buildRules = (
			);
			dependencies = (
			);
			name = SimpleToolbar;
			productName = SimpleToolbar;
			productReference = 49B53F4C1C3DF50A00CAB237 /* SimpleToolbar.app */;
			productType = "com.apple.product-type.application";
		};
/* End PBXNativeTarget section */

/* Begin PBXProject section */
		49B53F441C3DF50A00CAB237 /* Project object */ = {
			isa = PBXProject;
			attributes = {
				LastUpgradeCheck = 0710;
				ORGANIZATIONNAME = com.ucsmy;
				TargetAttributes = {
					49B53F4B1C3DF50A00CAB237 = {
						CreatedOnToolsVersion = 7.1.1;
					};
				};
			};
			buildConfigurationList = 49B53F471C3DF50A00CAB237 /* Build configuration list for PBXProject "SimpleToolbar" */;
			compatibilityVersion = "Xcode 3.2";
			developmentRegion = English;
			hasScannedForEncodings = 0;
			knownRegions = (
				en,
				Base,
			);
			mainGroup = 49B53F431C3DF50A00CAB237;
			productRefGroup = 49B53F4D1C3DF50A00CAB237 /* Products */;
			projectDirPath = "";
			projectRoot = "";
			targets = (
				49B53F4B1C3DF50A00CAB237 /* SimpleToolbar */,
			);
		};
/* End PBXProject section */

/* Begin PBXResourcesBuildPhase section */
		49B53F4A1C3DF50A00CAB237 /* Resources */ = {
			isa = PBXResourcesBuildPhase;
			buildActionMask = 2147483647;
			files = (
				49B53F771C3DF67500CAB237 /* leftarrow_gray@2x.png in Resources */,
				49B53F781C3DF67500CAB237 /* leftarrow_gray@3x.png in Resources */,
				49B53F7B1C3DF67500CAB237 /* leftarrow@3x.png in Resources */,
				49B53F5F1C3DF50A00CAB237 /* LaunchScreen.storyboard in Resources */,
				49B53F7A1C3DF67500CAB237 /* leftarrow@2x.png in Resources */,
				49B53F811C3DF67500CAB237 /* rightarrow@3x.png in Resources */,
				49B53F761C3DF67500CAB237 /* leftarrow_gray.png in Resources */,
				49B53F5C1C3DF50A00CAB237 /* Assets.xcassets in Resources */,
				49B53F7E1C3DF67500CAB237 /* rightarrow_gray@3x.png in Resources */,
				49B53F7D1C3DF67500CAB237 /* rightarrow_gray@2x.png in Resources */,
				49B53F7F1C3DF67500CAB237 /* rightarrow.png in Resources */,
				49B53F791C3DF67500CAB237 /* leftarrow.png in Resources */,
				49B53F5A1C3DF50A00CAB237 /* Main.storyboard in Resources */,
				49B53F7C1C3DF67500CAB237 /* rightarrow_gray.png in Resources */,
				49B53F801C3DF67500CAB237 /* rightarrow@2x.png in Resources */,
			);
			runOnlyForDeploymentPostprocessing = 0;
		};
/* End PBXResourcesBuildPhase section */

/* Begin PBXSourcesBuildPhase section */
		49B53F481C3DF50A00CAB237 /* Sources */ = {
			isa = PBXSourcesBuildPhase;
			buildActionMask = 2147483647;
			files = (
				49B53F571C3DF50A00CAB237 /* ViewController.m in Sources */,
				49B53F681C3DF57500CAB237 /* UITextField+toolbar.m in Sources */,
				49B53F541C3DF50A00CAB237 /* AppDelegate.m in Sources */,
				49B53F511C3DF50A00CAB237 /* main.m in Sources */,
			);
			runOnlyForDeploymentPostprocessing = 0;
		};
/* End PBXSourcesBuildPhase section */

/* Begin PBXVariantGroup section */
		49B53F581C3DF50A00CAB237 /* Main.storyboard */ = {
			isa = PBXVariantGroup;
			children = (
				49B53F591C3DF50A00CAB237 /* Base */,
			);
			name = Main.storyboard;
			sourceTree = "<group>";
		};
		49B53F5D1C3DF50A00CAB237 /* LaunchScreen.storyboard */ = {
			isa = PBXVariantGroup;
			children = (
				49B53F5E1C3DF50A00CAB237 /* Base */,
			);
			name = LaunchScreen.storyboard;
			sourceTree = "<group>";
		};
/* End PBXVariantGroup section */

/* Begin XCBuildConfiguration section */
		49B53F611C3DF50A00CAB237 /* Debug */ = {
			isa = XCBuildConfiguration;
			buildSettings = {
				ALWAYS_SEARCH_USER_PATHS = NO;
				CLANG_CXX_LANGUAGE_STANDARD = "gnu++0x";
				CLANG_CXX_LIBRARY = "libc++";
				CLANG_ENABLE_MODULES = YES;
				CLANG_ENABLE_OBJC_ARC = YES;
				CLANG_WARN_BOOL_CONVERSION = YES;
				CLANG_WARN_CONSTANT_CONVERSION = YES;
				CLANG_WARN_DIRECT_OBJC_ISA_USAGE = YES_ERROR;
				CLANG_WARN_EMPTY_BODY = YES;
				CLANG_WARN_ENUM_CONVERSION = YES;
				CLANG_WARN_INT_CONVERSION = YES;
				CLANG_WARN_OBJC_ROOT_CLASS = YES_ERROR;
				CLANG_WARN_UNREACHABLE_CODE = YES;
				CLANG_WARN__DUPLICATE_METHOD_MATCH = YES;
				"CODE_SIGN_IDENTITY[sdk=iphoneos*]" = "iPhone Developer";
				COPY_PHASE_STRIP = NO;
				DEBUG_INFORMATION_FORMAT = dwarf;
				ENABLE_STRICT_OBJC_MSGSEND = YES;
				ENABLE_TESTABILITY = YES;
				GCC_C_LANGUAGE_STANDARD = gnu99;
				GCC_DYNAMIC_NO_PIC = NO;
				GCC_NO_COMMON_BLOCKS = YES;
				GCC_OPTIMIZATION_LEVEL = 0;
				GCC_PREPROCESSOR_DEFINITIONS = (
					"DEBUG=1",
					"$(inherited)",
				);
				GCC_WARN_64_TO_32_BIT_CONVERSION = YES;
				GCC_WARN_ABOUT_RETURN_TYPE = YES_ERROR;
				GCC_WARN_UNDECLARED_SELECTOR = YES;
				GCC_WARN_UNINITIALIZED_AUTOS = YES_AGGRESSIVE;
				GCC_WARN_UNUSED_FUNCTION = YES;
				GCC_WARN_UNUSED_VARIABLE = YES;
				IPHONEOS_DEPLOYMENT_TARGET = 9.1;
				MTL_ENABLE_DEBUG_INFO = YES;
				ONLY_ACTIVE_ARCH = YES;
				SDKROOT = iphoneos;
			};
			name = Debug;
		};
		49B53F621C3DF50A00CAB237 /* Release */ = {
			isa = XCBuildConfiguration;
			buildSettings = {
				ALWAYS_SEARCH_USER_PATHS = NO;
				CLANG_CXX_LANGUAGE_STANDARD = "gnu++0x";
				CLANG_CXX_LIBRARY = "libc++";
				CLANG_ENABLE_MODULES = YES;
				CLANG_ENABLE_OBJC_ARC = YES;
				CLANG_WARN_BOOL_CONVERSION = YES;
				CLANG_WARN_CONSTANT_CONVERSION = YES;
				CLANG_WARN_DIRECT_OBJC_ISA_USAGE = YES_ERROR;
				CLANG_WARN_EMPTY_BODY = YES;
				CLANG_WARN_ENUM_CONVERSION = YES;
				CLANG_WARN_INT_CONVERSION = YES;
				CLANG_WARN_OBJC_ROOT_CLASS = YES_ERROR;
				CLANG_WARN_UNREACHABLE_CODE = YES;
				CLANG_WARN__DUPLICATE_METHOD_MATCH = YES;
				"CODE_SIGN_IDENTITY[sdk=iphoneos*]" = "iPhone Developer";
				COPY_PHASE_STRIP = NO;
				DEBUG_INFORMATION_FORMAT = "dwarf-with-dsym";
				ENABLE_NS_ASSERTIONS = NO;
				ENABLE_STRICT_OBJC_MSGSEND = YES;
				GCC_C_LANGUAGE_STANDARD = gnu99;
				GCC_NO_COMMON_BLOCKS = YES;
				GCC_WARN_64_TO_32_BIT_CONVERSION = YES;
				GCC_WARN_ABOUT_RETURN_TYPE = YES_ERROR;
				GCC_WARN_UNDECLARED_SELECTOR = YES;
				GCC_WARN_UNINITIALIZED_AUTOS = YES_AGGRESSIVE;
				GCC_WARN_UNUSED_FUNCTION = YES;
				GCC_WARN_UNUSED_VARIABLE = YES;
				IPHONEOS_DEPLOYMENT_TARGET = 9.1;
				MTL_ENABLE_DEBUG_INFO = NO;
				SDKROOT = iphoneos;
				VALIDATE_PRODUCT = YES;
			};
			name = Release;
		};
		49B53F641C3DF50A00CAB237 /* Debug */ = {
			isa = XCBuildConfiguration;
			buildSettings = {
				ASSETCATALOG_COMPILER_APPICON_NAME = AppIcon;
				INFOPLIST_FILE = SimpleToolbar/Info.plist;
				LD_RUNPATH_SEARCH_PATHS = "$(inherited) @executable_path/Frameworks";
				PRODUCT_BUNDLE_IDENTIFIER = com.ucsmy.SimpleToolbar;
				PRODUCT_NAME = "$(TARGET_NAME)";
			};
			name = Debug;
		};
		49B53F651C3DF50A00CAB237 /* Release */ = {
			isa = XCBuildConfiguration;
			buildSettings = {
				ASSETCATALOG_COMPILER_APPICON_NAME = AppIcon;
				INFOPLIST_FILE = SimpleToolbar/Info.plist;
				LD_RUNPATH_SEARCH_PATHS = "$(inherited) @executable_path/Frameworks";
				PRODUCT_BUNDLE_IDENTIFIER = com.ucsmy.SimpleToolbar;
				PRODUCT_NAME = "$(TARGET_NAME)";
			};
			name = Release;
		};
/* End XCBuildConfiguration section */

/* Begin XCConfigurationList section */
		49B53F471C3DF50A00CAB237 /* Build configuration list for PBXProject "SimpleToolbar" */ = {
			isa = XCConfigurationList;
			buildConfigurations = (
				49B53F611C3DF50A00CAB237 /* Debug */,
				49B53F621C3DF50A00CAB237 /* Release */,
			);
			defaultConfigurationIsVisible = 0;
			defaultConfigurationName = Release;
		};
		49B53F631C3DF50A00CAB237 /* Build configuration list for PBXNativeTarget "SimpleToolbar" */ = {
			isa = XCConfigurationList;
			buildConfigurations = (
				49B53F641C3DF50A00CAB237 /* Debug */,
				49B53F651C3DF50A00CAB237 /* Release */,
			);
			defaultConfigurationIsVisible = 0;
			defaultConfigurationName = Release;
		};
/* End XCConfigurationList section */
	};
	rootObject = 49B53F441C3DF50A00CAB237 /* Project object */;
}
